
Microsoft Visual Studio Solution File, Format Version 12.00
# Visual Studio 15
VisualStudioVersion = 15.0.27130.2010
MinimumVisualStudioVersion = 10.0.40219.1
Project("{FAE04EC0-301F-11D3-BF4B-00C04F79EFBC}") = "PingWriter", "PingWriter\PingWriter.csproj", "{8C6B7B29-241A-4FDC-848C-7D18932713A9}"
EndProject
Global
	GlobalSection(SolutionConfigurationPlatforms) = preSolution
		Debug|Any CPU = Debug|Any CPU
		Release|Any CPU = Release|Any CPU
	EndGlobalSection
	GlobalSection(ProjectConfigurationPlatforms) = postSolution
		{8C6B7B29-241A-4FDC-848C-7D18932713A9}.Debug|Any CPU.ActiveCfg = Debug|Any CPU
		{8C6B7B29-241A-4FDC-848C-7D18932713A9}.Debug|Any CPU.Build.0 = Debug|Any CPU
		{8C6B7B29-241A-4FDC-848C-7D18932713A9}.Release|Any CPU.ActiveCfg = Release|Any CPU
		{8C6B7B29-241A-4FDC-848C-7D18932713A9}.Release|Any CPU.Build.0 = Release|Any CPU
	EndGlobalSection
	GlobalSection(SolutionProperties) = preSolution
		HideSolutionNode = FALSE
	EndGlobalSection
	GlobalSection(ExtensibilityGlobals) = postSolution
		SolutionGuid = {3A0D0A30-3755-4F85-8B74-8989CC45A22E}
	EndGlobalSection
EndGlobal
