
Microsoft Visual Studio Solution File, Format Version 12.00
# Visual Studio 14
VisualStudioVersion = 14.0.25420.1
MinimumVisualStudioVersion = 10.0.40219.1
Project("{FAE04EC0-301F-11D3-BF4B-00C04F79EFBC}") = "Lacture05", "Lacture05\Lacture05.csproj", "{BE073BB8-8A2A-40E0-8729-94E9530698B2}"
EndProject
Project("{FAE04EC0-301F-11D3-BF4B-00C04F79EFBC}") = "Car", "Car\Car.csproj", "{A056BBDA-9531-40E2-A2EC-CE964A1B8504}"
EndProject
Global
	GlobalSection(SolutionConfigurationPlatforms) = preSolution
		Debug|Any CPU = Debug|Any CPU
		Release|Any CPU = Release|Any CPU
	EndGlobalSection
	GlobalSection(ProjectConfigurationPlatforms) = postSolution
		{BE073BB8-8A2A-40E0-8729-94E9530698B2}.Debug|Any CPU.ActiveCfg = Debug|Any CPU
		{BE073BB8-8A2A-40E0-8729-94E9530698B2}.Debug|Any CPU.Build.0 = Debug|Any CPU
		{BE073BB8-8A2A-40E0-8729-94E9530698B2}.Release|Any CPU.ActiveCfg = Release|Any CPU
		{BE073BB8-8A2A-40E0-8729-94E9530698B2}.Release|Any CPU.Build.0 = Release|Any CPU
		{A056BBDA-9531-40E2-A2EC-CE964A1B8504}.Debug|Any CPU.ActiveCfg = Debug|Any CPU
		{A056BBDA-9531-40E2-A2EC-CE964A1B8504}.Debug|Any CPU.Build.0 = Debug|Any CPU
		{A056BBDA-9531-40E2-A2EC-CE964A1B8504}.Release|Any CPU.ActiveCfg = Release|Any CPU
		{A056BBDA-9531-40E2-A2EC-CE964A1B8504}.Release|Any CPU.Build.0 = Release|Any CPU
	EndGlobalSection
	GlobalSection(SolutionProperties) = preSolution
		HideSolutionNode = FALSE
	EndGlobalSection
EndGlobal
